
Microsoft Visual Studio Solution File, Format Version 12.00
# Visual Studio Version 17
VisualStudioVersion = 17.1.31911.260
MinimumVisualStudioVersion = 10.0.40219.1
Project("{9A19103F-16F7-4668-BE54-9A1E7A4F7556}") = "MyTestApp", "MyTestApp\MyTestApp.csproj", "{1D545D90-279C-43B0-9DF7-21BD818963B5}"
EndProject
Project("{FAE04EC0-301F-11D3-BF4B-00C04F79EFBC}") = "TestMyApp", "TestMyApp\TestMyApp.csproj", "{9E8E558E-B43A-41A4-B4FA-87C0231A5C27}"
EndProject
Global
	GlobalSection(SolutionConfigurationPlatforms) = preSolution
		Debug|Any CPU = Debug|Any CPU
		Release|Any CPU = Release|Any CPU
	EndGlobalSection
	GlobalSection(ProjectConfigurationPlatforms) = postSolution
		{1D545D90-279C-43B0-9DF7-21BD818963B5}.Debug|Any CPU.ActiveCfg = Debug|Any CPU
		{1D545D90-279C-43B0-9DF7-21BD818963B5}.Debug|Any CPU.Build.0 = Debug|Any CPU
		{1D545D90-279C-43B0-9DF7-21BD818963B5}.Release|Any CPU.ActiveCfg = Release|Any CPU
		{1D545D90-279C-43B0-9DF7-21BD818963B5}.Release|Any CPU.Build.0 = Release|Any CPU
		{9E8E558E-B43A-41A4-B4FA-87C0231A5C27}.Debug|Any CPU.ActiveCfg = Debug|Any CPU
		{9E8E558E-B43A-41A4-B4FA-87C0231A5C27}.Debug|Any CPU.Build.0 = Debug|Any CPU
		{9E8E558E-B43A-41A4-B4FA-87C0231A5C27}.Release|Any CPU.ActiveCfg = Release|Any CPU
		{9E8E558E-B43A-41A4-B4FA-87C0231A5C27}.Release|Any CPU.Build.0 = Release|Any CPU
	EndGlobalSection
	GlobalSection(SolutionProperties) = preSolution
		HideSolutionNode = FALSE
	EndGlobalSection
	GlobalSection(ExtensibilityGlobals) = postSolution
		SolutionGuid = {40C2765A-BF85-4136-8C3E-325B53E9FBB0}
	EndGlobalSection
EndGlobal
